// !$*UTF8*$!
{
	archiveVersion = 1;
	classes = {
	};
	objectVersion = 50;
	objects = {

/* Begin PBXBuildFile section */
		821504022107ED21000C45EB /* SwipeCellTableViewController.swift in Sources */ = {isa = PBXBuildFile; fileRef = 821504012107ED21000C45EB /* SwipeCellTableViewController.swift */; };
		8215A81420FA9BFB0096B4F7 /* CatagoryTableView.swift in Sources */ = {isa = PBXBuildFile; fileRef = 8215A81320FA9BFB0096B4F7 /* CatagoryTableView.swift */; };
		8215A81720FA9D490096B4F7 /* Keys.swift in Sources */ = {isa = PBXBuildFile; fileRef = 8215A81620FA9D490096B4F7 /* Keys.swift */; };
		8216B79F20E0715D00D3BDFF /* AppDelegate.swift in Sources */ = {isa = PBXBuildFile; fileRef = 8216B79E20E0715D00D3BDFF /* AppDelegate.swift */; };
		8216B7A420E0715D00D3BDFF /* Main.storyboard in Resources */ = {isa = PBXBuildFile; fileRef = 8216B7A220E0715D00D3BDFF /* Main.storyboard */; };
		8216B7A620E0716100D3BDFF /* Assets.xcassets in Resources */ = {isa = PBXBuildFile; fileRef = 8216B7A520E0716100D3BDFF /* Assets.xcassets */; };
		8216B7A920E0716100D3BDFF /* LaunchScreen.storyboard in Resources */ = {isa = PBXBuildFile; fileRef = 8216B7A720E0716100D3BDFF /* LaunchScreen.storyboard */; };
		8216B7B120E0724600D3BDFF /* TodoListViewController.swift in Sources */ = {isa = PBXBuildFile; fileRef = 8216B7B020E0724600D3BDFF /* TodoListViewController.swift */; };
		82F5505320FC06A700F69221 /* Item.swift in Sources */ = {isa = PBXBuildFile; fileRef = 82F5505220FC06A700F69221 /* Item.swift */; };
		82F5505520FC06BF00F69221 /* Catagory.swift in Sources */ = {isa = PBXBuildFile; fileRef = 82F5505420FC06BF00F69221 /* Catagory.swift */; };
		F98334FA5470F9825988D253 /* Pods_ToDoey.framework in Frameworks */ = {isa = PBXBuildFile; fileRef = BA816B0317BE643C33E9350B /* Pods_ToDoey.framework */; };
/* End PBXBuildFile section */

/* Begin PBXFileReference section */
		65843E5D081FE79743272D55 /* Pods-ToDoey.release.xcconfig */ = {isa = PBXFileReference; includeInIndex = 1; lastKnownFileType = text.xcconfig; name = "Pods-ToDoey.release.xcconfig"; path = "Pods/Target Support Files/Pods-ToDoey/Pods-ToDoey.release.xcconfig"; sourceTree = "<group>"; };
		821504012107ED21000C45EB /* SwipeCellTableViewController.swift */ = {isa = PBXFileReference; lastKnownFileType = sourcecode.swift; path = SwipeCellTableViewController.swift; sourceTree = "<group>"; };
		8215A81320FA9BFB0096B4F7 /* CatagoryTableView.swift */ = {isa = PBXFileReference; lastKnownFileType = sourcecode.swift; path = CatagoryTableView.swift; sourceTree = "<group>"; };
		8215A81620FA9D490096B4F7 /* Keys.swift */ = {isa = PBXFileReference; lastKnownFileType = sourcecode.swift; path = Keys.swift; sourceTree = "<group>"; };
		8216B79B20E0715D00D3BDFF /* ToDoey.app */ = {isa = PBXFileReference; explicitFileType = wrapper.application; includeInIndex = 0; path = ToDoey.app; sourceTree = BUILT_PRODUCTS_DIR; };
		8216B79E20E0715D00D3BDFF /* AppDelegate.swift */ = {isa = PBXFileReference; lastKnownFileType = sourcecode.swift; path = AppDelegate.swift; sourceTree = "<group>"; };
		8216B7A320E0715D00D3BDFF /* Base */ = {isa = PBXFileReference; lastKnownFileType = file.storyboard; name = Base; path = Base.lproj/Main.storyboard; sourceTree = "<group>"; };
		8216B7A520E0716100D3BDFF /* Assets.xcassets */ = {isa = PBXFileReference; lastKnownFileType = folder.assetcatalog; path = Assets.xcassets; sourceTree = "<group>"; };
		8216B7A820E0716100D3BDFF /* Base */ = {isa = PBXFileReference; lastKnownFileType = file.storyboard; name = Base; path = Base.lproj/LaunchScreen.storyboard; sourceTree = "<group>"; };
		8216B7AA20E0716100D3BDFF /* Info.plist */ = {isa = PBXFileReference; lastKnownFileType = text.plist.xml; path = Info.plist; sourceTree = "<group>"; };
		8216B7B020E0724600D3BDFF /* TodoListViewController.swift */ = {isa = PBXFileReference; lastKnownFileType = sourcecode.swift; path = TodoListViewController.swift; sourceTree = "<group>"; };
		82F5505220FC06A700F69221 /* Item.swift */ = {isa = PBXFileReference; lastKnownFileType = sourcecode.swift; path = Item.swift; sourceTree = "<group>"; };
		82F5505420FC06BF00F69221 /* Catagory.swift */ = {isa = PBXFileReference; lastKnownFileType = sourcecode.swift; path = Catagory.swift; sourceTree = "<group>"; };
		BA816B0317BE643C33E9350B /* Pods_ToDoey.framework */ = {isa = PBXFileReference; explicitFileType = wrapper.framework; includeInIndex = 0; path = Pods_ToDoey.framework; sourceTree = BUILT_PRODUCTS_DIR; };
		C0C40BC11D8E84362AD414D8 /* Pods-ToDoey.debug.xcconfig */ = {isa = PBXFileReference; includeInIndex = 1; lastKnownFileType = text.xcconfig; name = "Pods-ToDoey.debug.xcconfig"; path = "Pods/Target Support Files/Pods-ToDoey/Pods-ToDoey.debug.xcconfig"; sourceTree = "<group>"; };
/* End PBXFileReference section */

/* Begin PBXFrameworksBuildPhase section */
		8216B79820E0715D00D3BDFF /* Frameworks */ = {
			isa = PBXFrameworksBuildPhase;
			buildActionMask = 2147483647;
			files = (
				F98334FA5470F9825988D253 /* Pods_ToDoey.framework in Frameworks */,
			);
			runOnlyForDeploymentPostprocessing = 0;
		};
/* End PBXFrameworksBuildPhase section */

/* Begin PBXGroup section */
		589E50586BE95ABC1C8E08C0 /* Pods */ = {
			isa = PBXGroup;
			children = (
				C0C40BC11D8E84362AD414D8 /* Pods-ToDoey.debug.xcconfig */,
				65843E5D081FE79743272D55 /* Pods-ToDoey.release.xcconfig */,
			);
			name = Pods;
			sourceTree = "<group>";
		};
		75C62C1B3924EA8A553BAF6D /* Frameworks */ = {
			isa = PBXGroup;
			children = (
				BA816B0317BE643C33E9350B /* Pods_ToDoey.framework */,
			);
			name = Frameworks;
			sourceTree = "<group>";
		};
		8215A81520FA9D0A0096B4F7 /* Helper */ = {
			isa = PBXGroup;
			children = (
				8215A81620FA9D490096B4F7 /* Keys.swift */,
			);
			path = Helper;
			sourceTree = "<group>";
		};
		8215A81820FAA4690096B4F7 /* NetWorking */ = {
			isa = PBXGroup;
			children = (
			);
			path = NetWorking;
			sourceTree = "<group>";
		};
		8216B79220E0715D00D3BDFF = {
			isa = PBXGroup;
			children = (
				8216B79D20E0715D00D3BDFF /* ToDoey */,
				8216B79C20E0715D00D3BDFF /* Products */,
				589E50586BE95ABC1C8E08C0 /* Pods */,
				75C62C1B3924EA8A553BAF6D /* Frameworks */,
			);
			sourceTree = "<group>";
		};
		8216B79C20E0715D00D3BDFF /* Products */ = {
			isa = PBXGroup;
			children = (
				8216B79B20E0715D00D3BDFF /* ToDoey.app */,
			);
			name = Products;
			sourceTree = "<group>";
		};
		8216B79D20E0715D00D3BDFF /* ToDoey */ = {
			isa = PBXGroup;
			children = (
				8216B79E20E0715D00D3BDFF /* AppDelegate.swift */,
				8215A81820FAA4690096B4F7 /* NetWorking */,
				8215A81520FA9D0A0096B4F7 /* Helper */,
				821F122220E21A41002A2692 /* Views */,
				821F122120E21A30002A2692 /* Controller */,
				821F121D20E219BC002A2692 /* Data Model */,
				821F122020E21A13002A2692 /* Supporting Files */,
				8216B7AA20E0716100D3BDFF /* Info.plist */,
			);
			path = ToDoey;
			sourceTree = "<group>";
		};
		821F121D20E219BC002A2692 /* Data Model */ = {
			isa = PBXGroup;
			children = (
				82F5505420FC06BF00F69221 /* Catagory.swift */,
				82F5505220FC06A700F69221 /* Item.swift */,
			);
			path = "Data Model";
			sourceTree = "<group>";
		};
		821F122020E21A13002A2692 /* Supporting Files */ = {
			isa = PBXGroup;
			children = (
				8216B7A520E0716100D3BDFF /* Assets.xcassets */,
				8216B7A720E0716100D3BDFF /* LaunchScreen.storyboard */,
			);
			path = "Supporting Files";
			sourceTree = "<group>";
		};
		821F122120E21A30002A2692 /* Controller */ = {
			isa = PBXGroup;
			children = (
				821504012107ED21000C45EB /* SwipeCellTableViewController.swift */,
				8216B7B020E0724600D3BDFF /* TodoListViewController.swift */,
				8215A81320FA9BFB0096B4F7 /* CatagoryTableView.swift */,
			);
			path = Controller;
			sourceTree = "<group>";
		};
		821F122220E21A41002A2692 /* Views */ = {
			isa = PBXGroup;
			children = (
				8216B7A220E0715D00D3BDFF /* Main.storyboard */,
			);
			path = Views;
			sourceTree = "<group>";
		};
/* End PBXGroup section */

/* Begin PBXNativeTarget section */
		8216B79A20E0715D00D3BDFF /* ToDoey */ = {
			isa = PBXNativeTarget;
			buildConfigurationList = 8216B7AD20E0716100D3BDFF /* Build configuration list for PBXNativeTarget "ToDoey" */;
			buildPhases = (
				F4837A2A6520F78974305D22 /* [CP] Check Pods Manifest.lock */,
				8216B79720E0715D00D3BDFF /* Sources */,
				8216B79820E0715D00D3BDFF /* Frameworks */,
				8216B79920E0715D00D3BDFF /* Resources */,
				FBE7CE98E352EB203DAB95B3 /* [CP] Embed Pods Frameworks */,
			);
			buildRules = (
			);
			dependencies = (
			);
			name = ToDoey;
			productName = ToDoey;
			productReference = 8216B79B20E0715D00D3BDFF /* ToDoey.app */;
			productType = "com.apple.product-type.application";
		};
/* End PBXNativeTarget section */

/* Begin PBXProject section */
		8216B79320E0715D00D3BDFF /* Project object */ = {
			isa = PBXProject;
			attributes = {
				LastSwiftUpdateCheck = 1000;
				LastUpgradeCheck = 1000;
				ORGANIZATIONNAME = "Pankaj Sharma";
				TargetAttributes = {
					8216B79A20E0715D00D3BDFF = {
						CreatedOnToolsVersion = 10.0;
					};
				};
			};
			buildConfigurationList = 8216B79620E0715D00D3BDFF /* Build configuration list for PBXProject "ToDoey" */;
			compatibilityVersion = "Xcode 9.3";
			developmentRegion = en;
			hasScannedForEncodings = 0;
			knownRegions = (
				en,
				Base,
			);
			mainGroup = 8216B79220E0715D00D3BDFF;
			productRefGroup = 8216B79C20E0715D00D3BDFF /* Products */;
			projectDirPath = "";
			projectRoot = "";
			targets = (
				8216B79A20E0715D00D3BDFF /* ToDoey */,
			);
		};
/* End PBXProject section */

/* Begin PBXResourcesBuildPhase section */
		8216B79920E0715D00D3BDFF /* Resources */ = {
			isa = PBXResourcesBuildPhase;
			buildActionMask = 2147483647;
			files = (
				8216B7A920E0716100D3BDFF /* LaunchScreen.storyboard in Resources */,
				8216B7A620E0716100D3BDFF /* Assets.xcassets in Resources */,
				8216B7A420E0715D00D3BDFF /* Main.storyboard in Resources */,
			);
			runOnlyForDeploymentPostprocessing = 0;
		};
/* End PBXResourcesBuildPhase section */

/* Begin PBXShellScriptBuildPhase section */
		F4837A2A6520F78974305D22 /* [CP] Check Pods Manifest.lock */ = {
			isa = PBXShellScriptBuildPhase;
			buildActionMask = 2147483647;
			files = (
			);
			inputPaths = (
				"${PODS_PODFILE_DIR_PATH}/Podfile.lock",
				"${PODS_ROOT}/Manifest.lock",
			);
			name = "[CP] Check Pods Manifest.lock";
			outputPaths = (
				"$(DERIVED_FILE_DIR)/Pods-ToDoey-checkManifestLockResult.txt",
			);
			runOnlyForDeploymentPostprocessing = 0;
			shellPath = /bin/sh;
			shellScript = "diff \"${PODS_PODFILE_DIR_PATH}/Podfile.lock\" \"${PODS_ROOT}/Manifest.lock\" > /dev/null\nif [ $? != 0 ] ; then\n    # print error to STDERR\n    echo \"error: The sandbox is not in sync with the Podfile.lock. Run 'pod install' or update your CocoaPods installation.\" >&2\n    exit 1\nfi\n# This output is used by Xcode 'outputs' to avoid re-running this script phase.\necho \"SUCCESS\" > \"${SCRIPT_OUTPUT_FILE_0}\"\n";
			showEnvVarsInLog = 0;
		};
		FBE7CE98E352EB203DAB95B3 /* [CP] Embed Pods Frameworks */ = {
			isa = PBXShellScriptBuildPhase;
			buildActionMask = 2147483647;
			files = (
			);
			inputPaths = (
				"${SRCROOT}/Pods/Target Support Files/Pods-ToDoey/Pods-ToDoey-frameworks.sh",
				"${BUILT_PRODUCTS_DIR}/ChameleonFramework/ChameleonFramework.framework",
				"${BUILT_PRODUCTS_DIR}/Realm/Realm.framework",
				"${BUILT_PRODUCTS_DIR}/RealmSwift/RealmSwift.framework",
			);
			name = "[CP] Embed Pods Frameworks";
			outputPaths = (
				"${TARGET_BUILD_DIR}/${FRAMEWORKS_FOLDER_PATH}/ChameleonFramework.framework",
				"${TARGET_BUILD_DIR}/${FRAMEWORKS_FOLDER_PATH}/Realm.framework",
				"${TARGET_BUILD_DIR}/${FRAMEWORKS_FOLDER_PATH}/RealmSwift.framework",
			);
			runOnlyForDeploymentPostprocessing = 0;
			shellPath = /bin/sh;
			shellScript = "\"${SRCROOT}/Pods/Target Support Files/Pods-ToDoey/Pods-ToDoey-frameworks.sh\"\n";
			showEnvVarsInLog = 0;
		};
/* End PBXShellScriptBuildPhase section */

/* Begin PBXSourcesBuildPhase section */
		8216B79720E0715D00D3BDFF /* Sources */ = {
			isa = PBXSourcesBuildPhase;
			buildActionMask = 2147483647;
			files = (
				8216B7B120E0724600D3BDFF /* TodoListViewController.swift in Sources */,
				8216B79F20E0715D00D3BDFF /* AppDelegate.swift in Sources */,
				82F5505520FC06BF00F69221 /* Catagory.swift in Sources */,
				82F5505320FC06A700F69221 /* Item.swift in Sources */,
				8215A81420FA9BFB0096B4F7 /* CatagoryTableView.swift in Sources */,
				8215A81720FA9D490096B4F7 /* Keys.swift in Sources */,
				821504022107ED21000C45EB /* SwipeCellTableViewController.swift in Sources */,
			);
			runOnlyForDeploymentPostprocessing = 0;
		};
/* End PBXSourcesBuildPhase section */

/* Begin PBXVariantGroup section */
		8216B7A220E0715D00D3BDFF /* Main.storyboard */ = {
			isa = PBXVariantGroup;
			children = (
				8216B7A320E0715D00D3BDFF /* Base */,
			);
			name = Main.storyboard;
			sourceTree = "<group>";
		};
		8216B7A720E0716100D3BDFF /* LaunchScreen.storyboard */ = {
			isa = PBXVariantGroup;
			children = (
				8216B7A820E0716100D3BDFF /* Base */,
			);
			name = LaunchScreen.storyboard;
			sourceTree = "<group>";
		};
/* End PBXVariantGroup section */

/* Begin XCBuildConfiguration section */
		8216B7AB20E0716100D3BDFF /* Debug */ = {
			isa = XCBuildConfiguration;
			buildSettings = {
				ALWAYS_SEARCH_USER_PATHS = NO;
				CLANG_ANALYZER_NONNULL = YES;
				CLANG_ANALYZER_NUMBER_OBJECT_CONVERSION = YES_AGGRESSIVE;
				CLANG_CXX_LANGUAGE_STANDARD = "gnu++14";
				CLANG_CXX_LIBRARY = "libc++";
				CLANG_ENABLE_MODULES = YES;
				CLANG_ENABLE_OBJC_ARC = YES;
				CLANG_ENABLE_OBJC_WEAK = YES;
				CLANG_WARN_BLOCK_CAPTURE_AUTORELEASING = YES;
				CLANG_WARN_BOOL_CONVERSION = YES;
				CLANG_WARN_COMMA = YES;
				CLANG_WARN_CONSTANT_CONVERSION = YES;
				CLANG_WARN_DEPRECATED_OBJC_IMPLEMENTATIONS = YES;
				CLANG_WARN_DIRECT_OBJC_ISA_USAGE = YES_ERROR;
				CLANG_WARN_DOCUMENTATION_COMMENTS = YES;
				CLANG_WARN_EMPTY_BODY = YES;
				CLANG_WARN_ENUM_CONVERSION = YES;
				CLANG_WARN_INFINITE_RECURSION = YES;
				CLANG_WARN_INT_CONVERSION = YES;
				CLANG_WARN_NON_LITERAL_NULL_CONVERSION = YES;
				CLANG_WARN_OBJC_IMPLICIT_RETAIN_SELF = YES;
				CLANG_WARN_OBJC_LITERAL_CONVERSION = YES;
				CLANG_WARN_OBJC_ROOT_CLASS = YES_ERROR;
				CLANG_WARN_RANGE_LOOP_ANALYSIS = YES;
				CLANG_WARN_STRICT_PROTOTYPES = YES;
				CLANG_WARN_SUSPICIOUS_MOVE = YES;
				CLANG_WARN_UNGUARDED_AVAILABILITY = YES_AGGRESSIVE;
				CLANG_WARN_UNREACHABLE_CODE = YES;
				CLANG_WARN__DUPLICATE_METHOD_MATCH = YES;
				CODE_SIGN_IDENTITY = "iPhone Developer";
				COPY_PHASE_STRIP = NO;
				DEBUG_INFORMATION_FORMAT = dwarf;
				ENABLE_STRICT_OBJC_MSGSEND = YES;
				ENABLE_TESTABILITY = YES;
				GCC_C_LANGUAGE_STANDARD = gnu11;
				GCC_DYNAMIC_NO_PIC = NO;
				GCC_NO_COMMON_BLOCKS = YES;
				GCC_OPTIMIZATION_LEVEL = 0;
				GCC_PREPROCESSOR_DEFINITIONS = (
					"DEBUG=1",
					"$(inherited)",
				);
				GCC_WARN_64_TO_32_BIT_CONVERSION = YES;
				GCC_WARN_ABOUT_RETURN_TYPE = YES_ERROR;
				GCC_WARN_UNDECLARED_SELECTOR = YES;
				GCC_WARN_UNINITIALIZED_AUTOS = YES_AGGRESSIVE;
				GCC_WARN_UNUSED_FUNCTION = YES;
				GCC_WARN_UNUSED_VARIABLE = YES;
				IPHONEOS_DEPLOYMENT_TARGET = 11.4;
				MTL_ENABLE_DEBUG_INFO = INCLUDE_SOURCE;
				ONLY_ACTIVE_ARCH = YES;
				SDKROOT = iphoneos;
				SWIFT_ACTIVE_COMPILATION_CONDITIONS = DEBUG;
				SWIFT_OPTIMIZATION_LEVEL = "-Onone";
			};
			name = Debug;
		};
		8216B7AC20E0716100D3BDFF /* Release */ = {
			isa = XCBuildConfiguration;
			buildSettings = {
				ALWAYS_SEARCH_USER_PATHS = NO;
				CLANG_ANALYZER_NONNULL = YES;
				CLANG_ANALYZER_NUMBER_OBJECT_CONVERSION = YES_AGGRESSIVE;
				CLANG_CXX_LANGUAGE_STANDARD = "gnu++14";
				CLANG_CXX_LIBRARY = "libc++";
				CLANG_ENABLE_MODULES = YES;
				CLANG_ENABLE_OBJC_ARC = YES;
				CLANG_ENABLE_OBJC_WEAK = YES;
				CLANG_WARN_BLOCK_CAPTURE_AUTORELEASING = YES;
				CLANG_WARN_BOOL_CONVERSION = YES;
				CLANG_WARN_COMMA = YES;
				CLANG_WARN_CONSTANT_CONVERSION = YES;
				CLANG_WARN_DEPRECATED_OBJC_IMPLEMENTATIONS = YES;
				CLANG_WARN_DIRECT_OBJC_ISA_USAGE = YES_ERROR;
				CLANG_WARN_DOCUMENTATION_COMMENTS = YES;
				CLANG_WARN_EMPTY_BODY = YES;
				CLANG_WARN_ENUM_CONVERSION = YES;
				CLANG_WARN_INFINITE_RECURSION = YES;
				CLANG_WARN_INT_CONVERSION = YES;
				CLANG_WARN_NON_LITERAL_NULL_CONVERSION = YES;
				CLANG_WARN_OBJC_IMPLICIT_RETAIN_SELF = YES;
				CLANG_WARN_OBJC_LITERAL_CONVERSION = YES;
				CLANG_WARN_OBJC_ROOT_CLASS = YES_ERROR;
				CLANG_WARN_RANGE_LOOP_ANALYSIS = YES;
				CLANG_WARN_STRICT_PROTOTYPES = YES;
				CLANG_WARN_SUSPICIOUS_MOVE = YES;
				CLANG_WARN_UNGUARDED_AVAILABILITY = YES_AGGRESSIVE;
				CLANG_WARN_UNREACHABLE_CODE = YES;
				CLANG_WARN__DUPLICATE_METHOD_MATCH = YES;
				CODE_SIGN_IDENTITY = "iPhone Developer";
				COPY_PHASE_STRIP = NO;
				DEBUG_INFORMATION_FORMAT = "dwarf-with-dsym";
				ENABLE_NS_ASSERTIONS = NO;
				ENABLE_STRICT_OBJC_MSGSEND = YES;
				GCC_C_LANGUAGE_STANDARD = gnu11;
				GCC_NO_COMMON_BLOCKS = YES;
				GCC_WARN_64_TO_32_BIT_CONVERSION = YES;
				GCC_WARN_ABOUT_RETURN_TYPE = YES_ERROR;
				GCC_WARN_UNDECLARED_SELECTOR = YES;
				GCC_WARN_UNINITIALIZED_AUTOS = YES_AGGRESSIVE;
				GCC_WARN_UNUSED_FUNCTION = YES;
				GCC_WARN_UNUSED_VARIABLE = YES;
				IPHONEOS_DEPLOYMENT_TARGET = 11.4;
				MTL_ENABLE_DEBUG_INFO = NO;
				SDKROOT = iphoneos;
				SWIFT_COMPILATION_MODE = wholemodule;
				SWIFT_OPTIMIZATION_LEVEL = "-O";
				VALIDATE_PRODUCT = YES;
			};
			name = Release;
		};
		8216B7AE20E0716100D3BDFF /* Debug */ = {
			isa = XCBuildConfiguration;
			baseConfigurationReference = C0C40BC11D8E84362AD414D8 /* Pods-ToDoey.debug.xcconfig */;
			buildSettings = {
				ASSETCATALOG_COMPILER_APPICON_NAME = AppIcon;
				CODE_SIGN_STYLE = Automatic;
				DEVELOPMENT_TEAM = 4QA6MH6558;
				INFOPLIST_FILE = ToDoey/Info.plist;
				IPHONEOS_DEPLOYMENT_TARGET = 11.4;
				LD_RUNPATH_SEARCH_PATHS = (
					"$(inherited)",
					"@executable_path/Frameworks",
				);
				PRODUCT_BUNDLE_IDENTIFIER = "Pankaj-Sharma.ToDoey";
				PRODUCT_NAME = "$(TARGET_NAME)";
				SWIFT_VERSION = 4.2;
				TARGETED_DEVICE_FAMILY = "1,2";
			};
			name = Debug;
		};
		8216B7AF20E0716100D3BDFF /* Release */ = {
			isa = XCBuildConfiguration;
			baseConfigurationReference = 65843E5D081FE79743272D55 /* Pods-ToDoey.release.xcconfig */;
			buildSettings = {
				ASSETCATALOG_COMPILER_APPICON_NAME = AppIcon;
				CODE_SIGN_STYLE = Automatic;
				DEVELOPMENT_TEAM = 4QA6MH6558;
				INFOPLIST_FILE = ToDoey/Info.plist;
				IPHONEOS_DEPLOYMENT_TARGET = 11.4;
				LD_RUNPATH_SEARCH_PATHS = (
					"$(inherited)",
					"@executable_path/Frameworks",
				);
				PRODUCT_BUNDLE_IDENTIFIER = "Pankaj-Sharma.ToDoey";
				PRODUCT_NAME = "$(TARGET_NAME)";
				SWIFT_VERSION = 4.2;
				TARGETED_DEVICE_FAMILY = "1,2";
			};
			name = Release;
		};
/* End XCBuildConfiguration section */

/* Begin XCConfigurationList section */
		8216B79620E0715D00D3BDFF /* Build configuration list for PBXProject "ToDoey" */ = {
			isa = XCConfigurationList;
			buildConfigurations = (
				8216B7AB20E0716100D3BDFF /* Debug */,
				8216B7AC20E0716100D3BDFF /* Release */,
			);
			defaultConfigurationIsVisible = 0;
			defaultConfigurationName = Release;
		};
		8216B7AD20E0716100D3BDFF /* Build configuration list for PBXNativeTarget "ToDoey" */ = {
			isa = XCConfigurationList;
			buildConfigurations = (
				8216B7AE20E0716100D3BDFF /* Debug */,
				8216B7AF20E0716100D3BDFF /* Release */,
			);
			defaultConfigurationIsVisible = 0;
			defaultConfigurationName = Release;
		};
/* End XCConfigurationList section */
	};
	rootObject = 8216B79320E0715D00D3BDFF /* Project object */;
}
